
Microsoft Visual Studio Solution File, Format Version 12.00
# Visual Studio 15
VisualStudioVersion = 15.0.26430.4
MinimumVisualStudioVersion = 10.0.40219.1
Project("{FAE04EC0-301F-11D3-BF4B-00C04F79EFBC}") = "ConsoleApp2", "ConsoleApp2\ConsoleApp2.csproj", "{34EAF39B-933C-44C6-8EAC-09D862F2EADE}"
EndProject
Project("{FAE04EC0-301F-11D3-BF4B-00C04F79EFBC}") = "ConsoleApp3", "ConsoleApp3\ConsoleApp3.csproj", "{614842A1-836C-4523-B4BC-E55C52D70A2B}"
EndProject
Project("{FAE04EC0-301F-11D3-BF4B-00C04F79EFBC}") = "MånedsLøn", "MånedsLøn\MånedsLøn.csproj", "{DE767D07-B853-4A52-A890-53220D930981}"
EndProject
Project("{FAE04EC0-301F-11D3-BF4B-00C04F79EFBC}") = "ArbejdMedStrenge", "ArbejdMedStrenge\ArbejdMedStrenge.csproj", "{286B75A1-4A1E-44F3-900C-737F4F6DE330}"
EndProject
Project("{FAE04EC0-301F-11D3-BF4B-00C04F79EFBC}") = "10Tabel", "10Tabel\10Tabel.csproj", "{A89142C5-FEBC-4928-B772-6BB91F007109}"
EndProject
Project("{FAE04EC0-301F-11D3-BF4B-00C04F79EFBC}") = "Module07", "Module07\Module07.csproj", "{5F1AA612-67EB-48D3-A0C4-0E42471B7B63}"
EndProject
Project("{FAE04EC0-301F-11D3-BF4B-00C04F79EFBC}") = "Module08Nedarvning", "Module08Nedarvning\Module08Nedarvning.csproj", "{AB5B1DE5-5CCA-43E4-879B-2412ACCEDC45}"
EndProject
Project("{FAE04EC0-301F-11D3-BF4B-00C04F79EFBC}") = "fejlHåndtering09", "ConsoleApp6\fejlHåndtering09.csproj", "{4529868C-EB8E-47D9-9CFB-BA97EF5C900E}"
EndProject
Project("{FAE04EC0-301F-11D3-BF4B-00C04F79EFBC}") = "LogDemo", "ConsoleApp7\LogDemo.csproj", "{8DF37EA8-EFB9-40CE-9661-8A0AA8A955E9}"
EndProject
Project("{FAE04EC0-301F-11D3-BF4B-00C04F79EFBC}") = "Interface", "Interface\Interface.csproj", "{9AE7A26F-51BC-4753-8ADD-E44D6B1AC582}"
EndProject
Project("{FAE04EC0-301F-11D3-BF4B-00C04F79EFBC}") = "Collection", "Collection\Collection.csproj", "{650BA222-9B5C-4A4E-9B9F-5FD8D8014359}"
EndProject
Project("{FAE04EC0-301F-11D3-BF4B-00C04F79EFBC}") = "Collection2", "Collection2\Collection2.csproj", "{0A1A1936-07A9-4A15-9DAD-1BD12BDD7ED6}"
EndProject
Project("{FAE04EC0-301F-11D3-BF4B-00C04F79EFBC}") = "AppSetting", "AppSetting\AppSetting.csproj", "{C7C94FF4-B769-4BC4-8AA9-1980954A4B93}"
EndProject
Project("{FAE04EC0-301F-11D3-BF4B-00C04F79EFBC}") = "DelegetesTest", "delegate\DelegetesTest.csproj", "{581D25BD-15D6-4A6C-AC12-3E08B0ADA695}"
EndProject
Project("{FAE04EC0-301F-11D3-BF4B-00C04F79EFBC}") = "FileWatch", "FileWatch\FileWatch.csproj", "{1ADBCBDA-65C9-446E-9744-2EDF7D3433B7}"
EndProject
Project("{FAE04EC0-301F-11D3-BF4B-00C04F79EFBC}") = "BrugAfLINQ", "BrugAfLINQ\BrugAfLINQ.csproj", "{D99B6142-3236-43D4-B20D-9931E575E366}"
EndProject
Global
	GlobalSection(SolutionConfigurationPlatforms) = preSolution
		Debug|Any CPU = Debug|Any CPU
		Release|Any CPU = Release|Any CPU
	EndGlobalSection
	GlobalSection(ProjectConfigurationPlatforms) = postSolution
		{34EAF39B-933C-44C6-8EAC-09D862F2EADE}.Debug|Any CPU.ActiveCfg = Debug|Any CPU
		{34EAF39B-933C-44C6-8EAC-09D862F2EADE}.Debug|Any CPU.Build.0 = Debug|Any CPU
		{34EAF39B-933C-44C6-8EAC-09D862F2EADE}.Release|Any CPU.ActiveCfg = Release|Any CPU
		{34EAF39B-933C-44C6-8EAC-09D862F2EADE}.Release|Any CPU.Build.0 = Release|Any CPU
		{614842A1-836C-4523-B4BC-E55C52D70A2B}.Debug|Any CPU.ActiveCfg = Debug|Any CPU
		{614842A1-836C-4523-B4BC-E55C52D70A2B}.Debug|Any CPU.Build.0 = Debug|Any CPU
		{614842A1-836C-4523-B4BC-E55C52D70A2B}.Release|Any CPU.ActiveCfg = Release|Any CPU
		{614842A1-836C-4523-B4BC-E55C52D70A2B}.Release|Any CPU.Build.0 = Release|Any CPU
		{DE767D07-B853-4A52-A890-53220D930981}.Debug|Any CPU.ActiveCfg = Debug|Any CPU
		{DE767D07-B853-4A52-A890-53220D930981}.Debug|Any CPU.Build.0 = Debug|Any CPU
		{DE767D07-B853-4A52-A890-53220D930981}.Release|Any CPU.ActiveCfg = Release|Any CPU
		{DE767D07-B853-4A52-A890-53220D930981}.Release|Any CPU.Build.0 = Release|Any CPU
		{286B75A1-4A1E-44F3-900C-737F4F6DE330}.Debug|Any CPU.ActiveCfg = Debug|Any CPU
		{286B75A1-4A1E-44F3-900C-737F4F6DE330}.Debug|Any CPU.Build.0 = Debug|Any CPU
		{286B75A1-4A1E-44F3-900C-737F4F6DE330}.Release|Any CPU.ActiveCfg = Release|Any CPU
		{286B75A1-4A1E-44F3-900C-737F4F6DE330}.Release|Any CPU.Build.0 = Release|Any CPU
		{A89142C5-FEBC-4928-B772-6BB91F007109}.Debug|Any CPU.ActiveCfg = Debug|Any CPU
		{A89142C5-FEBC-4928-B772-6BB91F007109}.Debug|Any CPU.Build.0 = Debug|Any CPU
		{A89142C5-FEBC-4928-B772-6BB91F007109}.Release|Any CPU.ActiveCfg = Release|Any CPU
		{A89142C5-FEBC-4928-B772-6BB91F007109}.Release|Any CPU.Build.0 = Release|Any CPU
		{5F1AA612-67EB-48D3-A0C4-0E42471B7B63}.Debug|Any CPU.ActiveCfg = Debug|Any CPU
		{5F1AA612-67EB-48D3-A0C4-0E42471B7B63}.Debug|Any CPU.Build.0 = Debug|Any CPU
		{5F1AA612-67EB-48D3-A0C4-0E42471B7B63}.Release|Any CPU.ActiveCfg = Release|Any CPU
		{5F1AA612-67EB-48D3-A0C4-0E42471B7B63}.Release|Any CPU.Build.0 = Release|Any CPU
		{AB5B1DE5-5CCA-43E4-879B-2412ACCEDC45}.Debug|Any CPU.ActiveCfg = Debug|Any CPU
		{AB5B1DE5-5CCA-43E4-879B-2412ACCEDC45}.Debug|Any CPU.Build.0 = Debug|Any CPU
		{AB5B1DE5-5CCA-43E4-879B-2412ACCEDC45}.Release|Any CPU.ActiveCfg = Release|Any CPU
		{AB5B1DE5-5CCA-43E4-879B-2412ACCEDC45}.Release|Any CPU.Build.0 = Release|Any CPU
		{4529868C-EB8E-47D9-9CFB-BA97EF5C900E}.Debug|Any CPU.ActiveCfg = Debug|Any CPU
		{4529868C-EB8E-47D9-9CFB-BA97EF5C900E}.Debug|Any CPU.Build.0 = Debug|Any CPU
		{4529868C-EB8E-47D9-9CFB-BA97EF5C900E}.Release|Any CPU.ActiveCfg = Release|Any CPU
		{4529868C-EB8E-47D9-9CFB-BA97EF5C900E}.Release|Any CPU.Build.0 = Release|Any CPU
		{8DF37EA8-EFB9-40CE-9661-8A0AA8A955E9}.Debug|Any CPU.ActiveCfg = Debug|Any CPU
		{8DF37EA8-EFB9-40CE-9661-8A0AA8A955E9}.Debug|Any CPU.Build.0 = Debug|Any CPU
		{8DF37EA8-EFB9-40CE-9661-8A0AA8A955E9}.Release|Any CPU.ActiveCfg = Release|Any CPU
		{8DF37EA8-EFB9-40CE-9661-8A0AA8A955E9}.Release|Any CPU.Build.0 = Release|Any CPU
		{9AE7A26F-51BC-4753-8ADD-E44D6B1AC582}.Debug|Any CPU.ActiveCfg = Debug|Any CPU
		{9AE7A26F-51BC-4753-8ADD-E44D6B1AC582}.Debug|Any CPU.Build.0 = Debug|Any CPU
		{9AE7A26F-51BC-4753-8ADD-E44D6B1AC582}.Release|Any CPU.ActiveCfg = Release|Any CPU
		{9AE7A26F-51BC-4753-8ADD-E44D6B1AC582}.Release|Any CPU.Build.0 = Release|Any CPU
		{650BA222-9B5C-4A4E-9B9F-5FD8D8014359}.Debug|Any CPU.ActiveCfg = Debug|Any CPU
		{650BA222-9B5C-4A4E-9B9F-5FD8D8014359}.Debug|Any CPU.Build.0 = Debug|Any CPU
		{650BA222-9B5C-4A4E-9B9F-5FD8D8014359}.Release|Any CPU.ActiveCfg = Release|Any CPU
		{650BA222-9B5C-4A4E-9B9F-5FD8D8014359}.Release|Any CPU.Build.0 = Release|Any CPU
		{0A1A1936-07A9-4A15-9DAD-1BD12BDD7ED6}.Debug|Any CPU.ActiveCfg = Debug|Any CPU
		{0A1A1936-07A9-4A15-9DAD-1BD12BDD7ED6}.Debug|Any CPU.Build.0 = Debug|Any CPU
		{0A1A1936-07A9-4A15-9DAD-1BD12BDD7ED6}.Release|Any CPU.ActiveCfg = Release|Any CPU
		{0A1A1936-07A9-4A15-9DAD-1BD12BDD7ED6}.Release|Any CPU.Build.0 = Release|Any CPU
		{C7C94FF4-B769-4BC4-8AA9-1980954A4B93}.Debug|Any CPU.ActiveCfg = Debug|Any CPU
		{C7C94FF4-B769-4BC4-8AA9-1980954A4B93}.Debug|Any CPU.Build.0 = Debug|Any CPU
		{C7C94FF4-B769-4BC4-8AA9-1980954A4B93}.Release|Any CPU.ActiveCfg = Release|Any CPU
		{C7C94FF4-B769-4BC4-8AA9-1980954A4B93}.Release|Any CPU.Build.0 = Release|Any CPU
		{581D25BD-15D6-4A6C-AC12-3E08B0ADA695}.Debug|Any CPU.ActiveCfg = Debug|Any CPU
		{581D25BD-15D6-4A6C-AC12-3E08B0ADA695}.Debug|Any CPU.Build.0 = Debug|Any CPU
		{581D25BD-15D6-4A6C-AC12-3E08B0ADA695}.Release|Any CPU.ActiveCfg = Release|Any CPU
		{581D25BD-15D6-4A6C-AC12-3E08B0ADA695}.Release|Any CPU.Build.0 = Release|Any CPU
		{1ADBCBDA-65C9-446E-9744-2EDF7D3433B7}.Debug|Any CPU.ActiveCfg = Debug|Any CPU
		{1ADBCBDA-65C9-446E-9744-2EDF7D3433B7}.Debug|Any CPU.Build.0 = Debug|Any CPU
		{1ADBCBDA-65C9-446E-9744-2EDF7D3433B7}.Release|Any CPU.ActiveCfg = Release|Any CPU
		{1ADBCBDA-65C9-446E-9744-2EDF7D3433B7}.Release|Any CPU.Build.0 = Release|Any CPU
		{D99B6142-3236-43D4-B20D-9931E575E366}.Debug|Any CPU.ActiveCfg = Debug|Any CPU
		{D99B6142-3236-43D4-B20D-9931E575E366}.Debug|Any CPU.Build.0 = Debug|Any CPU
		{D99B6142-3236-43D4-B20D-9931E575E366}.Release|Any CPU.ActiveCfg = Release|Any CPU
		{D99B6142-3236-43D4-B20D-9931E575E366}.Release|Any CPU.Build.0 = Release|Any CPU
	EndGlobalSection
	GlobalSection(SolutionProperties) = preSolution
		HideSolutionNode = FALSE
	EndGlobalSection
EndGlobal
